<?xml version="1.0" encoding="utf-8"?>
<Project ToolsVersion="4.0" xmlns="http://schemas.microsoft.com/developer/msbuild/2003">
  <ItemGroup>
    <Filter Include="Source Files">
      <UniqueIdentifier>{4FC737F1-C7A5-4376-A066-2A32D752A2FF}</UniqueIdentifier>
      <Extensions>cpp;c;cc;cxx;def;odl;idl;hpj;bat;asm;asmx</Extensions>
    </Filter>
    <Filter Include="Header Files">
      <UniqueIdentifier>{93995380-89BD-4b04-88EB-625FBE52EBFB}</UniqueIdentifier>
      <Extensions>h;hpp;hxx;hm;inl;inc;xsd</Extensions>
    </Filter>
    <Filter Include="Resource Files">
      <UniqueIdentifier>{67DA6AB6-F800-4c08-8B7A-83BB121AAD01}</UniqueIdentifier>
      <Extensions>rc;ico;cur;bmp;dlg;rc2;rct;bin;rgs;gif;jpg;jpeg;jpe;resx;tiff;tif;png;wav;mfcribbon-ms</Extensions>
    </Filter>
    <Filter Include="Header Files\rdiff">
      <UniqueIdentifier>{1542c281-f672-4dba-90ea-8fbcbed7a644}</UniqueIdentifier>
    </Filter>
    <Filter Include="Source Files\rdiff">
      <UniqueIdentifier>{82a03fea-e2d2-4d12-a643-185c52da1014}</UniqueIdentifier>
    </Filter>
    <Filter Include="Header Files\VSS">
      <UniqueIdentifier>{269076cc-6e6d-414e-b3c5-90227b224d94}</UniqueIdentifier>
    </Filter>
    <Filter Include="Source Files\VSS">
      <UniqueIdentifier>{25df6704-cd12-42c5-92ec-2d80cdf51656}</UniqueIdentifier>
    </Filter>
    <Filter Include="Header Files\fileops2">
      <UniqueIdentifier>{bf2c1982-c919-4dd8-886e-d927a033c316}</UniqueIdentifier>
    </Filter>
    <Filter Include="Source Files\fileops2">
      <UniqueIdentifier>{4740314d-32eb-48d7-ae74-63947a18efcf}</UniqueIdentifier>
    </Filter>
    <Filter Include="Source Files\compression">
      <UniqueIdentifier>{a54c2183-2ba1-4f1f-9f66-276bc03f5ffa}</UniqueIdentifier>
    </Filter>
    <Filter Include="Header Files\compression">
      <UniqueIdentifier>{0232646b-09c7-4a39-9590-d745f634b454}</UniqueIdentifier>
    </Filter>
    <Filter Include="Header Files\streams">
      <UniqueIdentifier>{b3f015fb-d90b-4aba-876a-940569dc169b}</UniqueIdentifier>
    </Filter>
    <Filter Include="Source Files\streams">
      <UniqueIdentifier>{c26b9406-7f16-4bc1-9d27-410ad1f87e58}</UniqueIdentifier>
    </Filter>
  </ItemGroup>
  <ItemGroup>
    <ClInclude Include="stdafx.h">
      <Filter>Header Files</Filter>
    </ClInclude>
    <ClInclude Include="GlobalConstants.h">
      <Filter>Header Files</Filter>
    </ClInclude>
    <ClInclude Include="MiscFunctions.h">
      <Filter>Header Files</Filter>
    </ClInclude>
    <ClInclude Include="MiscTypes.h">
      <Filter>Header Files</Filter>
    </ClInclude>
    <ClInclude Include="SimpleTypes.h">
      <Filter>Header Files</Filter>
    </ClInclude>
    <ClInclude Include="Threads.h">
      <Filter>Header Files</Filter>
    </ClInclude>
    <ClInclude Include="ExportedFunctions.h">
      <Filter>Header Files</Filter>
    </ClInclude>
    <ClInclude Include="circular_buffer.h">
      <Filter>Header Files\rdiff</Filter>
    </ClInclude>
    <ClInclude Include="binary_search.h">
      <Filter>Header Files\rdiff</Filter>
    </ClInclude>
    <ClInclude Include="FileComparer.h">
      <Filter>Header Files\rdiff</Filter>
    </ClInclude>
    <ClInclude Include="Rdiff.h">
      <Filter>Header Files\rdiff</Filter>
    </ClInclude>
    <ClInclude Include="RollingChecksum.h">
      <Filter>Header Files\rdiff</Filter>
    </ClInclude>
    <ClInclude Include="Rsync.h">
      <Filter>Header Files\rdiff</Filter>
    </ClInclude>
    <ClInclude Include="RsyncableFile.h">
      <Filter>Header Files\rdiff</Filter>
    </ClInclude>
    <ClInclude Include="StreamBlockReader.h">
      <Filter>Header Files\rdiff</Filter>
    </ClInclude>
    <ClInclude Include="vss.h">
      <Filter>Header Files\VSS</Filter>
    </ClInclude>
    <ClInclude Include="streams.h">
      <Filter>Header Files\streams</Filter>
    </ClInclude>
    <ClInclude Include="lzma.h">
      <Filter>Header Files\compression</Filter>
    </ClInclude>
  </ItemGroup>
  <ItemGroup>
    <ClCompile Include="stdafx.cpp">
      <Filter>Source Files</Filter>
    </ClCompile>
    <ClCompile Include="dllmain.cpp">
      <Filter>Source Files</Filter>
    </ClCompile>
    <ClCompile Include="MiscFunctions.cpp">
      <Filter>Source Files</Filter>
    </ClCompile>
    <ClCompile Include="Threads.cpp">
      <Filter>Source Files</Filter>
    </ClCompile>
    <ClCompile Include="BackupEngineNativePart.cpp">
      <Filter>Source Files</Filter>
    </ClCompile>
    <ClCompile Include="circular_buffer.cpp">
      <Filter>Source Files\rdiff</Filter>
    </ClCompile>
    <ClCompile Include="FileComparer.cpp">
      <Filter>Source Files\rdiff</Filter>
    </ClCompile>
    <ClCompile Include="Rdiff.cpp">
      <Filter>Source Files\rdiff</Filter>
    </ClCompile>
    <ClCompile Include="RollingChecksum.cpp">
      <Filter>Source Files\rdiff</Filter>
    </ClCompile>
    <ClCompile Include="Rsync.cpp">
      <Filter>Source Files\rdiff</Filter>
    </ClCompile>
    <ClCompile Include="RsyncableFile.cpp">
      <Filter>Source Files\rdiff</Filter>
    </ClCompile>
    <ClCompile Include="StreamBlockReader.cpp">
      <Filter>Source Files\rdiff</Filter>
    </ClCompile>
    <ClCompile Include="vss.cpp">
      <Filter>Source Files\VSS</Filter>
    </ClCompile>
    <ClCompile Include="fileops2.cpp">
      <Filter>Source Files\fileops2</Filter>
    </ClCompile>
    <ClCompile Include="streams.cpp">
      <Filter>Source Files\streams</Filter>
    </ClCompile>
    <ClCompile Include="lzma.cpp">
      <Filter>Source Files\compression</Filter>
    </ClCompile>
    <ClCompile Include="crypto.cpp">
      <Filter>Source Files</Filter>
    </ClCompile>
  </ItemGroup>
</Project>